
Microsoft Visual Studio Solution File, Format Version 12.00
# Visual Studio 15
VisualStudioVersion = 15.0.27130.2036
MinimumVisualStudioVersion = 10.0.40219.1
Project("{FAE04EC0-301F-11D3-BF4B-00C04F79EFBC}") = "Probel.JsonReader.Presentation", "Probel.JsonReader.Presentation\Probel.JsonReader.Presentation.csproj", "{60E3A974-5E86-47C1-96A7-A1E5DC939972}"
EndProject
Project("{FAE04EC0-301F-11D3-BF4B-00C04F79EFBC}") = "Probel.JsonReader.Business", "Probel.JsonReader.Business\Probel.JsonReader.Business.csproj", "{223BF894-38BE-42DF-8649-A5B898B16BD4}"
EndProject
Project("{2150E333-8FDC-42A3-9474-1A3956D46DE8}") = ".sln", ".sln", "{AAE670AD-2BEF-4808-9222-0B08411D24DA}"
	ProjectSection(SolutionItems) = preProject
		Version.cs = Version.cs
	EndProjectSection
EndProject
Global
	GlobalSection(SolutionConfigurationPlatforms) = preSolution
		Debug|Any CPU = Debug|Any CPU
		Release|Any CPU = Release|Any CPU
	EndGlobalSection
	GlobalSection(ProjectConfigurationPlatforms) = postSolution
		{60E3A974-5E86-47C1-96A7-A1E5DC939972}.Debug|Any CPU.ActiveCfg = Debug|Any CPU
		{60E3A974-5E86-47C1-96A7-A1E5DC939972}.Debug|Any CPU.Build.0 = Debug|Any CPU
		{60E3A974-5E86-47C1-96A7-A1E5DC939972}.Release|Any CPU.ActiveCfg = Release|Any CPU
		{60E3A974-5E86-47C1-96A7-A1E5DC939972}.Release|Any CPU.Build.0 = Release|Any CPU
		{223BF894-38BE-42DF-8649-A5B898B16BD4}.Debug|Any CPU.ActiveCfg = Debug|Any CPU
		{223BF894-38BE-42DF-8649-A5B898B16BD4}.Debug|Any CPU.Build.0 = Debug|Any CPU
		{223BF894-38BE-42DF-8649-A5B898B16BD4}.Release|Any CPU.ActiveCfg = Release|Any CPU
		{223BF894-38BE-42DF-8649-A5B898B16BD4}.Release|Any CPU.Build.0 = Release|Any CPU
	EndGlobalSection
	GlobalSection(SolutionProperties) = preSolution
		HideSolutionNode = FALSE
	EndGlobalSection
	GlobalSection(ExtensibilityGlobals) = postSolution
		SolutionGuid = {5DAFEE6F-B1FA-4F82-8DE9-0C045A5B497A}
	EndGlobalSection
EndGlobal
